
Microsoft Visual Studio Solution File, Format Version 12.00
Project("{FAE04EC0-301F-11D3-BF4B-00C04F79EFBC}") = "GameStore.Api", "GameStore.Api\GameStore.Api.csproj", "{36560CEB-7C6E-4F94-ABC8-B8413FF15D2C}"
EndProject
Project("{2150E333-8FDC-42A3-9474-1A3956D46DE8}") = "src", "src", "{1545FA9F-A1B3-4E7F-8BD3-66C75DF72E2F}"
EndProject
Project("{2150E333-8FDC-42A3-9474-1A3956D46DE8}") = "test", "test", "{74FEAE48-3C16-4EEF-83FD-463DC2635DE7}"
EndProject
Project("{FAE04EC0-301F-11D3-BF4B-00C04F79EFBC}") = "GameStore.Domain", "GameStore.Domain\GameStore.Domain.csproj", "{5B70D04D-1C0B-4CD4-A268-FB228781CCA4}"
EndProject
Project("{FAE04EC0-301F-11D3-BF4B-00C04F79EFBC}") = "GameStore.Infrastructure", "GameStore.Infrastructure\GameStore.Infrastructure.csproj", "{9CB2E051-8991-4D41-A750-8A75E409B99F}"
EndProject
Project("{FAE04EC0-301F-11D3-BF4B-00C04F79EFBC}") = "GameStore.Application", "GameStore.Application\GameStore.Application.csproj", "{A6B41FC6-B3FE-4EA4-A9D3-E66E575B74A5}"
EndProject
Global
	GlobalSection(SolutionConfigurationPlatforms) = preSolution
		Debug|Any CPU = Debug|Any CPU
		Release|Any CPU = Release|Any CPU
	EndGlobalSection
	GlobalSection(ProjectConfigurationPlatforms) = postSolution
		{36560CEB-7C6E-4F94-ABC8-B8413FF15D2C}.Debug|Any CPU.ActiveCfg = Debug|Any CPU
		{36560CEB-7C6E-4F94-ABC8-B8413FF15D2C}.Debug|Any CPU.Build.0 = Debug|Any CPU
		{36560CEB-7C6E-4F94-ABC8-B8413FF15D2C}.Release|Any CPU.ActiveCfg = Release|Any CPU
		{36560CEB-7C6E-4F94-ABC8-B8413FF15D2C}.Release|Any CPU.Build.0 = Release|Any CPU
		{5B70D04D-1C0B-4CD4-A268-FB228781CCA4}.Debug|Any CPU.ActiveCfg = Debug|Any CPU
		{5B70D04D-1C0B-4CD4-A268-FB228781CCA4}.Debug|Any CPU.Build.0 = Debug|Any CPU
		{5B70D04D-1C0B-4CD4-A268-FB228781CCA4}.Release|Any CPU.ActiveCfg = Release|Any CPU
		{5B70D04D-1C0B-4CD4-A268-FB228781CCA4}.Release|Any CPU.Build.0 = Release|Any CPU
		{9CB2E051-8991-4D41-A750-8A75E409B99F}.Debug|Any CPU.ActiveCfg = Debug|Any CPU
		{9CB2E051-8991-4D41-A750-8A75E409B99F}.Debug|Any CPU.Build.0 = Debug|Any CPU
		{9CB2E051-8991-4D41-A750-8A75E409B99F}.Release|Any CPU.ActiveCfg = Release|Any CPU
		{9CB2E051-8991-4D41-A750-8A75E409B99F}.Release|Any CPU.Build.0 = Release|Any CPU
		{A6B41FC6-B3FE-4EA4-A9D3-E66E575B74A5}.Debug|Any CPU.ActiveCfg = Debug|Any CPU
		{A6B41FC6-B3FE-4EA4-A9D3-E66E575B74A5}.Debug|Any CPU.Build.0 = Debug|Any CPU
		{A6B41FC6-B3FE-4EA4-A9D3-E66E575B74A5}.Release|Any CPU.ActiveCfg = Release|Any CPU
		{A6B41FC6-B3FE-4EA4-A9D3-E66E575B74A5}.Release|Any CPU.Build.0 = Release|Any CPU
	EndGlobalSection
	GlobalSection(NestedProjects) = preSolution
		{36560CEB-7C6E-4F94-ABC8-B8413FF15D2C} = {1545FA9F-A1B3-4E7F-8BD3-66C75DF72E2F}
		{5B70D04D-1C0B-4CD4-A268-FB228781CCA4} = {1545FA9F-A1B3-4E7F-8BD3-66C75DF72E2F}
		{9CB2E051-8991-4D41-A750-8A75E409B99F} = {1545FA9F-A1B3-4E7F-8BD3-66C75DF72E2F}
		{A6B41FC6-B3FE-4EA4-A9D3-E66E575B74A5} = {1545FA9F-A1B3-4E7F-8BD3-66C75DF72E2F}
	EndGlobalSection
EndGlobal
